# THIS IS AN AUTOGENERATED FILE. DO NOT EDIT THIS FILE DIRECTLY.
# yarn lockfile v1


"@babel/helper-validator-identifier@^7.14.9":
  version "7.14.9"
  resolved "https://registry.yarnpkg.com/@babel/helper-validator-identifier/-/helper-validator-identifier-7.14.9.tgz#6654d171b2024f6d8ee151bf2509699919131d48"
  integrity sha512-pQYxPY0UP6IHISRitNe8bsijHex4TWZXi2HwKVsjPiltzlhse2znVcm9Ace510VT1kxIHjGJCZZQBX2gJDbo0g==

"@babel/parser@^7.15.0":
  version "7.15.6"
  resolved "https://registry.yarnpkg.com/@babel/parser/-/parser-7.15.6.tgz#043b9aa3c303c0722e5377fef9197f4cf1796549"
  integrity sha512-S/TSCcsRuCkmpUuoWijua0Snt+f3ewU/8spLo+4AXJCZfT0bVCzLD5MuOKdrx0mlAptbKzn5AdgEIIKXxXkz9Q==

"@babel/types@^7.15.0":
  version "7.15.6"
  resolved "https://registry.yarnpkg.com/@babel/types/-/types-7.15.6.tgz#99abdc48218b2881c058dd0a7ab05b99c9be758f"
  integrity sha512-BPU+7QhqNjmWyDO0/vitH/CuhpV8ZmK1wpKva8nuyNF5MJfuRNWMc+hc14+u9xT93kvykMdncrJT19h74uB1Ig==
  dependencies:
    "@babel/helper-validator-identifier" "^7.14.9"
    to-fast-properties "^2.0.0"

"@interactjs/types@1.10.11":
  version "1.10.11"
  resolved "https://registry.yarnpkg.com/@interactjs/types/-/types-1.10.11.tgz#29be25d503f9c7842df062fa3cda5b044a47cf2a"
  integrity sha512-YRsVFWjL8Gkkvlx3qnjeaxW4fnibSJ9791g8BA7Pv5ANByI64WmtR1vU7A2rXcrOn8XvyCEfY0ss1s8NhZP+MA==

"@types/estree@^0.0.48":
  version "0.0.48"
  resolved "https://registry.yarnpkg.com/@types/estree/-/estree-0.0.48.tgz#18dc8091b285df90db2f25aa7d906cfc394b7f74"
  integrity sha512-LfZwXoGUDo0C3me81HXgkBg5CTQYb6xzEl+fNmbO4JdRiSKQ8A0GD1OBBvKAIsbCUgoyAty7m99GqqMQe784ew==

"@vitejs/plugin-vue@^1.6.1":
  version "1.6.2"
  resolved "https://registry.yarnpkg.com/@vitejs/plugin-vue/-/plugin-vue-1.6.2.tgz#40dfe314cff610d4dd027a0b4ea2a93a257f3fc9"
  integrity sha512-Pf+dqkT4pWPfziPm51VtDXsPwE74CEGRiK6Vgm5EDBewHw1EgcxG7V2ZI/Yqj5gcDy5nVtjgx0AbsTL+F3gddg==

"@vue/compiler-core@3.2.11":
  version "3.2.11"
  resolved "https://registry.yarnpkg.com/@vue/compiler-core/-/compiler-core-3.2.11.tgz#10af3777dba303ee7aae668029f131cb90391bee"
  integrity sha512-bcbsLx5XyQg8WDDEGwmpX0BfEfv82wIs9fWFelpyVhNRGMaABvUTalYINyfhVT+jOqNaD4JBhJiVKd/8TmsHWg==
  dependencies:
    "@babel/parser" "^7.15.0"
    "@babel/types" "^7.15.0"
    "@vue/shared" "3.2.11"
    estree-walker "^2.0.2"
    source-map "^0.6.1"

"@vue/compiler-dom@3.2.11":
  version "3.2.11"
  resolved "https://registry.yarnpkg.com/@vue/compiler-dom/-/compiler-dom-3.2.11.tgz#d066f8e1f1812b4e881593819ade0fe6d654c776"
  integrity sha512-DNvhUHI/1Hn0/+ZYDYGAuDGasUm+XHKC3FE4GqkNCTO/fcLaJMRg/7eT1m1lkc7jPffUwwfh1rZru5mwzOjrNw==
  dependencies:
    "@vue/compiler-core" "3.2.11"
    "@vue/shared" "3.2.11"

"@vue/compiler-sfc@^3.2.6":
  version "3.2.11"
  resolved "https://registry.yarnpkg.com/@vue/compiler-sfc/-/compiler-sfc-3.2.11.tgz#628fa12238760d9b9b339ac2e125a759224fadbf"
  integrity sha512-cUIaS8mgJrQ6yucj2AupWAwBRITK3W/a8wCOn9g5fJGtOl8h4APY8vN3lzP8HIJDyEeRF3I8SfRhL+oX97kSnw==
  dependencies:
    "@babel/parser" "^7.15.0"
    "@babel/types" "^7.15.0"
    "@types/estree" "^0.0.48"
    "@vue/compiler-core" "3.2.11"
    "@vue/compiler-dom" "3.2.11"
    "@vue/compiler-ssr" "3.2.11"
    "@vue/ref-transform" "3.2.11"
    "@vue/shared" "3.2.11"
    consolidate "^0.16.0"
    estree-walker "^2.0.2"
    hash-sum "^2.0.0"
    lru-cache "^5.1.1"
    magic-string "^0.25.7"
    merge-source-map "^1.1.0"
    postcss "^8.1.10"
    postcss-modules "^4.0.0"
    postcss-selector-parser "^6.0.4"
    source-map "^0.6.1"

"@vue/compiler-ssr@3.2.11":
  version "3.2.11"
  resolved "https://registry.yarnpkg.com/@vue/compiler-ssr/-/compiler-ssr-3.2.11.tgz#702cef3429651645bdbe09fe5962803b5a621abb"
  integrity sha512-+ptAdUlFDij+Z0VGCbRRkxQlNev5LkbZAntvkxrFjc08CTMhZmiV4Js48n2hAmuSXaKNEpmGkDGU26c/vf1+xw==
  dependencies:
    "@vue/compiler-dom" "3.2.11"
    "@vue/shared" "3.2.11"

"@vue/reactivity@3.2.11":
  version "3.2.11"
  resolved "https://registry.yarnpkg.com/@vue/reactivity/-/reactivity-3.2.11.tgz#ec04d33acaf2b92cca2960535bec81b26cc5772b"
  integrity sha512-hEQstxPQbgGZq5qApzrvbDmRdK1KP96O/j4XrwT8fVkT1ytkFs4fH2xNEh9QKwXfybbQkLs77W7OfXCv5o6qbA==
  dependencies:
    "@vue/shared" "3.2.11"

"@vue/ref-transform@3.2.11":
  version "3.2.11"
  resolved "https://registry.yarnpkg.com/@vue/ref-transform/-/ref-transform-3.2.11.tgz#4d282b9570d1485a73e7bf5d57cce27b4a7aa690"
  integrity sha512-7rX0YsfYb7+1PeKPME1tQyUQcQgt0sIXRRnPD1Vw8Zs2KIo90YLy9CrvwalcRCxGw0ScsjBEhVjJtWIT79TElg==
  dependencies:
    "@babel/parser" "^7.15.0"
    "@vue/compiler-core" "3.2.11"
    "@vue/shared" "3.2.11"
    estree-walker "^2.0.2"
    magic-string "^0.25.7"

"@vue/runtime-core@3.2.11":
  version "3.2.11"
  resolved "https://registry.yarnpkg.com/@vue/runtime-core/-/runtime-core-3.2.11.tgz#0dbe801be4bd0bfde253226797e7d304c8fdda30"
  integrity sha512-horlxjWwSvModC87WdsWswzzHE5IexmKkQA65S5vFgP5hLUBW+HRyScDeuB/RRcFmqnf+ozacNCfap0kqcpODw==
  dependencies:
    "@vue/reactivity" "3.2.11"
    "@vue/shared" "3.2.11"

"@vue/runtime-dom@3.2.11":
  version "3.2.11"
  resolved "https://registry.yarnpkg.com/@vue/runtime-dom/-/runtime-dom-3.2.11.tgz#04f9054a9e64bdf156c2fc22cad67cfaa8b84616"
  integrity sha512-cOK1g0INdiCbds2xrrJKrrN+pDHuLz6esUs/crdEiupDuX7IeiMbdqrAQCkYHp5P1KLWcbGlkmwfVD7HQGii0Q==
  dependencies:
    "@vue/runtime-core" "3.2.11"
    "@vue/shared" "3.2.11"
    csstype "^2.6.8"

"@vue/shared@3.2.11":
  version "3.2.11"
  resolved "https://registry.yarnpkg.com/@vue/shared/-/shared-3.2.11.tgz#01899f54949caf1ac241de397bd17069632574de"
  integrity sha512-ovfXAsSsCvV9JVceWjkqC/7OF5HbgLOtCWjCIosmPGG8lxbPuavhIxRH1dTx4Dg9xLgRTNLvI3pVxG4ItQZekg==

batch-processor@1.0.0:
  version "1.0.0"
  resolved "https://registry.yarnpkg.com/batch-processor/-/batch-processor-1.0.0.tgz#75c95c32b748e0850d10c2b168f6bdbe9891ace8"
  integrity sha1-dclcMrdI4IUNEMKxaPa9vpiRrOg=

big.js@^5.2.2:
  version "5.2.2"
  resolved "https://registry.yarnpkg.com/big.js/-/big.js-5.2.2.tgz#65f0af382f578bcdc742bd9c281e9cb2d7768328"
  integrity sha512-vyL2OymJxmarO8gxMr0mhChsO9QGwhynfuu4+MHTAW6czfq9humCB7rKpUjDd9YUiDPU4mzpyupFSvOClAwbmQ==

bluebird@^3.7.2:
  version "3.7.2"
  resolved "https://registry.yarnpkg.com/bluebird/-/bluebird-3.7.2.tgz#9f229c15be272454ffa973ace0dbee79a1b0c36f"
  integrity sha512-XpNj6GDQzdfW+r2Wnn7xiSAd7TM3jzkxGXBGTtWKuSXv1xUV+azxAm8jdWZN06QTQk+2N2XB9jRDkvbmQmcRtg==

colorette@^1.2.2:
  version "1.4.0"
  resolved "https://registry.yarnpkg.com/colorette/-/colorette-1.4.0.tgz#5190fbb87276259a86ad700bff2c6d6faa3fca40"
  integrity sha512-Y2oEozpomLn7Q3HFP7dpww7AtMJplbM9lGZP6RDfHqmbeRjiwRg4n6VM6j4KLmRke85uWEI7JqF17f3pqdRA0g==

consolidate@^0.16.0:
  version "0.16.0"
  resolved "https://registry.yarnpkg.com/consolidate/-/consolidate-0.16.0.tgz#a11864768930f2f19431660a65906668f5fbdc16"
  integrity sha512-Nhl1wzCslqXYTJVDyJCu3ODohy9OfBMB5uD2BiBTzd7w+QY0lBzafkR8y8755yMYHAaMD4NuzbAw03/xzfw+eQ==
  dependencies:
    bluebird "^3.7.2"

cssesc@^3.0.0:
  version "3.0.0"
  resolved "https://registry.yarnpkg.com/cssesc/-/cssesc-3.0.0.tgz#37741919903b868565e1c09ea747445cd18983ee"
  integrity sha512-/Tb/JcjK111nNScGob5MNtsntNM1aCNUDipB/TkwZFhyDrrE47SOx/18wF2bbjgc3ZzCSKW1T5nt5EbFoAz/Vg==

csstype@^2.6.8:
  version "2.6.18"
  resolved "https://registry.yarnpkg.com/csstype/-/csstype-2.6.18.tgz#980a8b53085f34af313410af064f2bd241784218"
  integrity sha512-RSU6Hyeg14am3Ah4VZEmeX8H7kLwEEirXe6aU2IPfKNvhXwTflK5HQRDNI0ypQXoqmm+QPyG2IaPuQE5zMwSIQ==

element-resize-detector@^1.2.3:
  version "1.2.3"
  resolved "https://registry.yarnpkg.com/element-resize-detector/-/element-resize-detector-1.2.3.tgz#5078d9b99398fe4c589f8c8df94ff99e5d413ff3"
  integrity sha512-+dhNzUgLpq9ol5tyhoG7YLoXL3ssjfFW+0gpszXPwRU6NjGr1fVHMEAF8fVzIiRJq57Nre0RFeIjJwI8Nh2NmQ==
  dependencies:
    batch-processor "1.0.0"

emojis-list@^3.0.0:
  version "3.0.0"
  resolved "https://registry.yarnpkg.com/emojis-list/-/emojis-list-3.0.0.tgz#5570662046ad29e2e916e71aae260abdff4f6a78"
  integrity sha512-/kyM18EfinwXZbno9FyUGeFh87KC8HRQBQGildHZbEuRyWFOmv1U10o9BBp8XVZDVNNuQKyIGIu5ZYAAXJ0V2Q==

esbuild@^0.12.17:
  version "0.12.28"
  resolved "https://registry.yarnpkg.com/esbuild/-/esbuild-0.12.28.tgz#84da0d2a0d0dee181281545271e0d65cf6fab1ef"
  integrity sha512-pZ0FrWZXlvQOATlp14lRSk1N9GkeJ3vLIwOcUoo3ICQn9WNR4rWoNi81pbn6sC1iYUy7QPqNzI3+AEzokwyVcA==

estree-walker@^2.0.2:
  version "2.0.2"
  resolved "https://registry.yarnpkg.com/estree-walker/-/estree-walker-2.0.2.tgz#52f010178c2a4c117a7757cfe942adb7d2da4cac"
  integrity sha512-Rfkk/Mp/DL7JVje3u18FxFujQlTNR2q6QfMSMB7AvCBx91NGj/ba3kCfza0f6dVDbw7YlRf/nDrn7pQrCCyQ/w==

fsevents@~2.3.2:
  version "2.3.2"
  resolved "https://registry.yarnpkg.com/fsevents/-/fsevents-2.3.2.tgz#8a526f78b8fdf4623b709e0b975c52c24c02fd1a"
  integrity sha512-xiqMQR4xAeHTuB9uWm+fFRcIOgKBMiOBP+eXiyT7jsgVCq1bkVygt00oASowB7EdtpOHaaPgKt812P9ab+DDKA==

function-bind@^1.1.1:
  version "1.1.1"
  resolved "https://registry.yarnpkg.com/function-bind/-/function-bind-1.1.1.tgz#a56899d3ea3c9bab874bb9773b7c5ede92f4895d"
  integrity sha512-yIovAzMX49sF8Yl58fSCWJ5svSLuaibPxXQJFLmBObTuCr0Mf1KiPopGM9NiFjiYBCbfaa2Fh6breQ6ANVTI0A==

generic-names@^2.0.1:
  version "2.0.1"
  resolved "https://registry.yarnpkg.com/generic-names/-/generic-names-2.0.1.tgz#f8a378ead2ccaa7a34f0317b05554832ae41b872"
  integrity sha512-kPCHWa1m9wGG/OwQpeweTwM/PYiQLrUIxXbt/P4Nic3LbGjCP0YwrALHW1uNLKZ0LIMg+RF+XRlj2ekT9ZlZAQ==
  dependencies:
    loader-utils "^1.1.0"

has@^1.0.3:
  version "1.0.3"
  resolved "https://registry.yarnpkg.com/has/-/has-1.0.3.tgz#722d7cbfc1f6aa8241f16dd814e011e1f41e8796"
  integrity sha512-f2dvO0VU6Oej7RkWJGrehjbzMAjFp5/VKPp5tTpWIV4JHHZK1/BxbFRtf/siA2SWTe09caDmVtYYzWEIbBS4zw==
  dependencies:
    function-bind "^1.1.1"

hash-sum@^2.0.0:
  version "2.0.0"
  resolved "https://registry.yarnpkg.com/hash-sum/-/hash-sum-2.0.0.tgz#81d01bb5de8ea4a214ad5d6ead1b523460b0b45a"
  integrity sha512-WdZTbAByD+pHfl/g9QSsBIIwy8IT+EsPiKDs0KNX+zSHhdDLFKdZu0BQHljvO+0QI/BasbMSUa8wYNCZTvhslg==

icss-replace-symbols@^1.1.0:
  version "1.1.0"
  resolved "https://registry.yarnpkg.com/icss-replace-symbols/-/icss-replace-symbols-1.1.0.tgz#06ea6f83679a7749e386cfe1fe812ae5db223ded"
  integrity sha1-Bupvg2ead0njhs/h/oEq5dsiPe0=

icss-utils@^5.0.0:
  version "5.1.0"
  resolved "https://registry.yarnpkg.com/icss-utils/-/icss-utils-5.1.0.tgz#c6be6858abd013d768e98366ae47e25d5887b1ae"
  integrity sha512-soFhflCVWLfRNOPU3iv5Z9VUdT44xFRbzjLsEzSr5AQmgqPMTHdU3PMT1Cf1ssx8fLNJDA1juftYl+PUcv3MqA==

interactjs@^1.10.11:
  version "1.10.11"
  resolved "https://registry.yarnpkg.com/interactjs/-/interactjs-1.10.11.tgz#0b9eabe37f1f82fff68e22faad51269b8f2038ea"
  integrity sha512-VPUWsGAOPmrZe1YF7Fq/4AIBBZ+3FikZRS8bpzT6VsAfUuhxl/CKJY73IAiZHd3fz9p174CXErn0Qs81XEFICA==
  dependencies:
    "@interactjs/types" "1.10.11"

is-core-module@^2.2.0:
  version "2.6.0"
  resolved "https://registry.yarnpkg.com/is-core-module/-/is-core-module-2.6.0.tgz#d7553b2526fe59b92ba3e40c8df757ec8a709e19"
  integrity sha512-wShG8vs60jKfPWpF2KZRaAtvt3a20OAn7+IJ6hLPECpSABLcKtFKTTI4ZtH5QcBruBHlq+WsdHWyz0BCZW7svQ==
  dependencies:
    has "^1.0.3"

json5@^1.0.1:
  version "1.0.1"
  resolved "https://registry.yarnpkg.com/json5/-/json5-1.0.1.tgz#779fb0018604fa854eacbf6252180d83543e3dbe"
  integrity sha512-aKS4WQjPenRxiQsC93MNfjx+nbF4PAdYzmd/1JIj8HYzqfbu86beTuNgXDzPknWk0n0uARlyewZo4s++ES36Ow==
  dependencies:
    minimist "^1.2.0"

loader-utils@^1.1.0:
  version "1.4.0"
  resolved "https://registry.yarnpkg.com/loader-utils/-/loader-utils-1.4.0.tgz#c579b5e34cb34b1a74edc6c1fb36bfa371d5a613"
  integrity sha512-qH0WSMBtn/oHuwjy/NucEgbx5dbxxnxup9s4PVXJUDHZBQY+s0NWA9rJf53RBnQZxfch7euUui7hpoAPvALZdA==
  dependencies:
    big.js "^5.2.2"
    emojis-list "^3.0.0"
    json5 "^1.0.1"

lodash.camelcase@^4.3.0:
  version "4.3.0"
  resolved "https://registry.yarnpkg.com/lodash.camelcase/-/lodash.camelcase-4.3.0.tgz#b28aa6288a2b9fc651035c7711f65ab6190331a6"
  integrity sha1-soqmKIorn8ZRA1x3EfZathkDMaY=

lru-cache@^5.1.1:
  version "5.1.1"
  resolved "https://registry.yarnpkg.com/lru-cache/-/lru-cache-5.1.1.tgz#1da27e6710271947695daf6848e847f01d84b920"
  integrity sha512-KpNARQA3Iwv+jTA0utUVVbrh+Jlrr1Fv0e56GGzAFOXN7dk/FviaDW8LHmK52DlcH4WP2n6gI8vN1aesBFgo9w==
  dependencies:
    yallist "^3.0.2"

magic-string@^0.25.7:
  version "0.25.7"
  resolved "https://registry.yarnpkg.com/magic-string/-/magic-string-0.25.7.tgz#3f497d6fd34c669c6798dcb821f2ef31f5445051"
  integrity sha512-4CrMT5DOHTDk4HYDlzmwu4FVCcIYI8gauveasrdCu2IKIFOJ3f0v/8MDGJCDL9oD2ppz/Av1b0Nj345H9M+XIA==
  dependencies:
    sourcemap-codec "^1.4.4"

merge-source-map@^1.1.0:
  version "1.1.0"
  resolved "https://registry.yarnpkg.com/merge-source-map/-/merge-source-map-1.1.0.tgz#2fdde7e6020939f70906a68f2d7ae685e4c8c646"
  integrity sha512-Qkcp7P2ygktpMPh2mCQZaf3jhN6D3Z/qVZHSdWvQ+2Ef5HgRAPBO57A77+ENm0CPx2+1Ce/MYKi3ymqdfuqibw==
  dependencies:
    source-map "^0.6.1"

minimist@^1.2.0:
  version "1.2.5"
  resolved "https://registry.yarnpkg.com/minimist/-/minimist-1.2.5.tgz#67d66014b66a6a8aaa0c083c5fd58df4e4e97602"
  integrity sha512-FM9nNUYrRBAELZQT3xeZQ7fmMOBg6nWNmJKTcgsJeaLstP/UODVpGsr5OhXhhXg6f+qtJ8uiZ+PUxkDWcgIXLw==

mitt@^3.0.0:
  version "3.0.0"
  resolved "https://registry.yarnpkg.com/mitt/-/mitt-3.0.0.tgz#69ef9bd5c80ff6f57473e8d89326d01c414be0bd"
  integrity sha512-7dX2/10ITVyqh4aOSVI9gdape+t9l2/8QxHrFmUXu4EEUpdlxl6RudZUPZoc+zuY2hk1j7XxVroIVIan/pD/SQ==

nanoid@^3.1.23:
  version "3.1.25"
  resolved "https://registry.yarnpkg.com/nanoid/-/nanoid-3.1.25.tgz#09ca32747c0e543f0e1814b7d3793477f9c8e152"
  integrity sha512-rdwtIXaXCLFAQbnfqDRnI6jaRHp9fTcYBjtFKE8eezcZ7LuLjhUaQGNeMXf1HmRoCH32CLz6XwX0TtxEOS/A3Q==

path-parse@^1.0.6:
  version "1.0.7"
  resolved "https://registry.yarnpkg.com/path-parse/-/path-parse-1.0.7.tgz#fbc114b60ca42b30d9daf5858e4bd68bbedb6735"
  integrity sha512-LDJzPVEEEPR+y48z93A0Ed0yXb8pAByGWo/k5YYdYgpY2/2EsOsksJrq7lOHxryrVOn1ejG6oAp8ahvOIQD8sw==

postcss-modules-extract-imports@^3.0.0:
  version "3.0.0"
  resolved "https://registry.yarnpkg.com/postcss-modules-extract-imports/-/postcss-modules-extract-imports-3.0.0.tgz#cda1f047c0ae80c97dbe28c3e76a43b88025741d"
  integrity sha512-bdHleFnP3kZ4NYDhuGlVK+CMrQ/pqUm8bx/oGL93K6gVwiclvX5x0n76fYMKuIGKzlABOy13zsvqjb0f92TEXw==

postcss-modules-local-by-default@^4.0.0:
  version "4.0.0"
  resolved "https://registry.yarnpkg.com/postcss-modules-local-by-default/-/postcss-modules-local-by-default-4.0.0.tgz#ebbb54fae1598eecfdf691a02b3ff3b390a5a51c"
  integrity sha512-sT7ihtmGSF9yhm6ggikHdV0hlziDTX7oFoXtuVWeDd3hHObNkcHRo9V3yg7vCAY7cONyxJC/XXCmmiHHcvX7bQ==
  dependencies:
    icss-utils "^5.0.0"
    postcss-selector-parser "^6.0.2"
    postcss-value-parser "^4.1.0"

postcss-modules-scope@^3.0.0:
  version "3.0.0"
  resolved "https://registry.yarnpkg.com/postcss-modules-scope/-/postcss-modules-scope-3.0.0.tgz#9ef3151456d3bbfa120ca44898dfca6f2fa01f06"
  integrity sha512-hncihwFA2yPath8oZ15PZqvWGkWf+XUfQgUGamS4LqoP1anQLOsOJw0vr7J7IwLpoY9fatA2qiGUGmuZL0Iqlg==
  dependencies:
    postcss-selector-parser "^6.0.4"

postcss-modules-values@^4.0.0:
  version "4.0.0"
  resolved "https://registry.yarnpkg.com/postcss-modules-values/-/postcss-modules-values-4.0.0.tgz#d7c5e7e68c3bb3c9b27cbf48ca0bb3ffb4602c9c"
  integrity sha512-RDxHkAiEGI78gS2ofyvCsu7iycRv7oqw5xMWn9iMoR0N/7mf9D50ecQqUo5BZ9Zh2vH4bCUR/ktCqbB9m8vJjQ==
  dependencies:
    icss-utils "^5.0.0"

postcss-modules@^4.0.0:
  version "4.2.2"
  resolved "https://registry.yarnpkg.com/postcss-modules/-/postcss-modules-4.2.2.tgz#5e7777c5a8964ea176919d90b2e54ef891321ce5"
  integrity sha512-/H08MGEmaalv/OU8j6bUKi/kZr2kqGF6huAW8m9UAgOLWtpFdhA14+gPBoymtqyv+D4MLsmqaF2zvIegdCxJXg==
  dependencies:
    generic-names "^2.0.1"
    icss-replace-symbols "^1.1.0"
    lodash.camelcase "^4.3.0"
    postcss-modules-extract-imports "^3.0.0"
    postcss-modules-local-by-default "^4.0.0"
    postcss-modules-scope "^3.0.0"
    postcss-modules-values "^4.0.0"
    string-hash "^1.1.1"

postcss-selector-parser@^6.0.2, postcss-selector-parser@^6.0.4:
  version "6.0.6"
  resolved "https://registry.yarnpkg.com/postcss-selector-parser/-/postcss-selector-parser-6.0.6.tgz#2c5bba8174ac2f6981ab631a42ab0ee54af332ea"
  integrity sha512-9LXrvaaX3+mcv5xkg5kFwqSzSH1JIObIx51PrndZwlmznwXRfxMddDvo9gve3gVR8ZTKgoFDdWkbRFmEhT4PMg==
  dependencies:
    cssesc "^3.0.0"
    util-deprecate "^1.0.2"

postcss-value-parser@^4.1.0:
  version "4.1.0"
  resolved "https://registry.yarnpkg.com/postcss-value-parser/-/postcss-value-parser-4.1.0.tgz#443f6a20ced6481a2bda4fa8532a6e55d789a2cb"
  integrity sha512-97DXOFbQJhk71ne5/Mt6cOu6yxsSfM0QGQyl0L25Gca4yGWEGJaig7l7gbCX623VqTBNGLRLaVUCnNkcedlRSQ==

postcss@^8.1.10, postcss@^8.3.6:
  version "8.3.6"
  resolved "https://registry.yarnpkg.com/postcss/-/postcss-8.3.6.tgz#2730dd76a97969f37f53b9a6096197be311cc4ea"
  integrity sha512-wG1cc/JhRgdqB6WHEuyLTedf3KIRuD0hG6ldkFEZNCjRxiC+3i6kkWUUbiJQayP28iwG35cEmAbe98585BYV0A==
  dependencies:
    colorette "^1.2.2"
    nanoid "^3.1.23"
    source-map-js "^0.6.2"

resolve@^1.20.0:
  version "1.20.0"
  resolved "https://registry.yarnpkg.com/resolve/-/resolve-1.20.0.tgz#629a013fb3f70755d6f0b7935cc1c2c5378b1975"
  integrity sha512-wENBPt4ySzg4ybFQW2TT1zMQucPK95HSh/nq2CFTZVOGut2+pQvSsgtda4d26YrYcr067wjbmzOG8byDPBX63A==
  dependencies:
    is-core-module "^2.2.0"
    path-parse "^1.0.6"

rollup@^2.38.5:
  version "2.56.3"
  resolved "https://registry.yarnpkg.com/rollup/-/rollup-2.56.3.tgz#b63edadd9851b0d618a6d0e6af8201955a77aeff"
  integrity sha512-Au92NuznFklgQCUcV96iXlxUbHuB1vQMaH76DHl5M11TotjOHwqk9CwcrT78+Tnv4FN9uTBxq6p4EJoYkpyekg==
  optionalDependencies:
    fsevents "~2.3.2"

source-map-js@^0.6.2:
  version "0.6.2"
  resolved "https://registry.yarnpkg.com/source-map-js/-/source-map-js-0.6.2.tgz#0bb5de631b41cfbda6cfba8bd05a80efdfd2385e"
  integrity sha512-/3GptzWzu0+0MBQFrDKzw/DvvMTUORvgY6k6jd/VS6iCR4RDTKWH6v6WPwQoUO8667uQEf9Oe38DxAYWY5F/Ug==

source-map@^0.6.1:
  version "0.6.1"
  resolved "https://registry.yarnpkg.com/source-map/-/source-map-0.6.1.tgz#74722af32e9614e9c287a8d0bbde48b5e2f1a263"
  integrity sha512-UjgapumWlbMhkBgzT7Ykc5YXUT46F0iKu8SGXq0bcwP5dz/h0Plj6enJqjz1Zbq2l5WaqYnrVbwWOWMyF3F47g==

sourcemap-codec@^1.4.4:
  version "1.4.8"
  resolved "https://registry.yarnpkg.com/sourcemap-codec/-/sourcemap-codec-1.4.8.tgz#ea804bd94857402e6992d05a38ef1ae35a9ab4c4"
  integrity sha512-9NykojV5Uih4lgo5So5dtw+f0JgJX30KCNI8gwhz2J9A15wD0Ml6tjHKwf6fTSa6fAdVBdZeNOs9eJ71qCk8vA==

string-hash@^1.1.1:
  version "1.1.3"
  resolved "https://registry.yarnpkg.com/string-hash/-/string-hash-1.1.3.tgz#e8aafc0ac1855b4666929ed7dd1275df5d6c811b"
  integrity sha1-6Kr8CsGFW0Zmkp7X3RJ1311sgRs=

to-fast-properties@^2.0.0:
  version "2.0.0"
  resolved "https://registry.yarnpkg.com/to-fast-properties/-/to-fast-properties-2.0.0.tgz#dc5e698cbd079265bc73e0377681a4e4e83f616e"
  integrity sha1-3F5pjL0HkmW8c+A3doGk5Og/YW4=

util-deprecate@^1.0.2:
  version "1.0.2"
  resolved "https://registry.yarnpkg.com/util-deprecate/-/util-deprecate-1.0.2.tgz#450d4dc9fa70de732762fbd2d4a28981419a0ccf"
  integrity sha1-RQ1Nyfpw3nMnYvvS1KKJgUGaDM8=

vite@^2.5.8:
  version "2.5.8"
  resolved "https://registry.yarnpkg.com/vite/-/vite-2.5.8.tgz#e2da21540411e91cb1c4a62e133c652a787cf116"
  integrity sha512-2GRsLrmMsFI0u31WTtkGbKvEIJO4I9qDltma3QiyDJEk14IzjM35OCElAFHFs2VlL7h2qX5AdHbwfEhnmwhQgw==
  dependencies:
    esbuild "^0.12.17"
    postcss "^8.3.6"
    resolve "^1.20.0"
    rollup "^2.38.5"
  optionalDependencies:
    fsevents "~2.3.2"

vue-smart-widget@^1.0.0-alpha.1:
  version "1.0.0-alpha.1"
  resolved "https://registry.yarnpkg.com/vue-smart-widget/-/vue-smart-widget-1.0.0-alpha.1.tgz#b0208d830a61fe78ae83cd0f47db89e4565f87f5"
  integrity sha512-J0+5dHi+FrOZAFM27Rku8L6HwgJyUYSG5YjEruZ28SVypkne4LfaOGwoYPiquFpYzRYYJFjeM5ujrzLP0651aw==
  dependencies:
    element-resize-detector "^1.2.3"
    interactjs "^1.10.11"
    mitt "^3.0.0"
    vue "^3.2.6"

vue@^3.2.6:
  version "3.2.11"
  resolved "https://registry.yarnpkg.com/vue/-/vue-3.2.11.tgz#6b92295048df705ddac558fd3e3ed553e55e57c8"
  integrity sha512-JkI3/eIgfk4E0f/p319TD3EZgOwBQfftgnkRsXlT7OrRyyiyoyUXn6embPGZXSBxD3LoZ9SWhJoxLhFh5AleeA==
  dependencies:
    "@vue/compiler-dom" "3.2.11"
    "@vue/runtime-dom" "3.2.11"
    "@vue/shared" "3.2.11"

yallist@^3.0.2:
  version "3.1.1"
  resolved "https://registry.yarnpkg.com/yallist/-/yallist-3.1.1.tgz#dbb7daf9bfd8bac9ab45ebf602b8cbad0d5d08fd"
  integrity sha512-a4UGQaWPH59mOXUYnAG2ewncQS4i4F43Tv3JoAM+s2VDAmS9NsK8GpDMLrCHPksFT7h3K6TOoUNn2pb7RoXx4g==
